{
	"name": "insomnia-xpath",
	"version": "0.0.5",
	"lockfileVersion": 1,
	"requires": true,
	"dependencies": {
		"insomnia-cookies": {
			"version": "0.0.4",
			"resolved": "https://registry.npmjs.org/insomnia-cookies/-/insomnia-cookies-0.0.4.tgz",
			"integrity": "sha512-UYzmtWWfAjRjhW7GeFHxYUFJYyuCkwneURF6NtMQ3tCl+3Xvppg18N/4ugnZUIUb/VezHWcoVJNBemnyn0iMbQ==",
			"requires": {
				"tough-cookie": "^2.3.3"
			}
		},
		"psl": {
			"version": "1.9.0",
			"resolved": "https://registry.npmjs.org/psl/-/psl-1.9.0.tgz",
			"integrity": "sha512-E/ZsdU4HLs/68gYzgGTkMicWTLPdAftJLfJFlLUAAKZGkStNU72sZjT66SnMDVOfOWY/YAoiD7Jxa9iHvngcag=="
		},
		"punycode": {
			"version": "2.3.0",
			"resolved": "https://registry.npmjs.org/punycode/-/punycode-2.3.0.tgz",
			"integrity": "sha512-rRV+zQD8tVFys26lAGR9WUuS4iUAngJScM+ZRSKtvl5tKeZ2t5bvdNFdNHBW9FWR4guGHlgmsZ1G7BSm2wTbuA=="
		},
		"tough-cookie": {
			"version": "2.5.0",
			"resolved": "https://registry.npmjs.org/tough-cookie/-/tough-cookie-2.5.0.tgz",
			"integrity": "sha512-nlLsUzgm1kfLXSXfRZMc1KLAugd4hqJHDTvc2hDIwS3mZAfMEuMbc03SujMF+GEcpaX/qboeycw6iO8JwVv2+g==",
			"requires": {
				"psl": "^1.1.28",
				"punycode": "^2.1.1"
			}
		},
		"xmldom": {
			"version": "0.6.0",
			"resolved": "https://registry.npmjs.org/xmldom/-/xmldom-0.6.0.tgz",
			"integrity": "sha512-iAcin401y58LckRZ0TkI4k0VSM1Qg0KGSc3i8rU+xrxe19A/BN1zHyVSJY7uoutVlaTSzYyk/v5AmkewAP7jtg=="
		},
		"xpath": {
			"version": "0.0.26",
			"resolved": "https://registry.npmjs.org/xpath/-/xpath-0.0.26.tgz",
			"integrity": "sha512-cn58wPnkUO7woqCLXlg9xeUMsPjMF7ZJ2gExwZ2F0IXkFAkL+6cyMdFUXJkld7Quw4k1y8QY9wlI3lMNNQkroQ=="
		}
	}
}
